<?xml version="1.0" encoding="utf-8"?>
<Project ToolsVersion="4.0" xmlns="http://schemas.microsoft.com/developer/msbuild/2003">
  <ItemGroup>
    <Filter Include="Source files">
      <UniqueIdentifier>{4FC737F1-C7A5-4376-A066-2A32D752A2FF}</UniqueIdentifier>
      <Extensions>cpp;c;cc;cxx;def;odl;idl;hpj;bat;asm;asmx</Extensions>
    </Filter>
    <Filter Include="Header files">
      <UniqueIdentifier>{93995380-89BD-4b04-88EB-625FBE52EBFB}</UniqueIdentifier>
      <Extensions>h;hpp;hxx;hm;inl;inc;xsd</Extensions>
    </Filter>
    <Filter Include="Resource files">
      <UniqueIdentifier>{67DA6AB6-F800-4c08-8B7A-83BB121AAD01}</UniqueIdentifier>
      <Extensions>rc;ico;cur;bmp;dlg;rc2;rct;bin;rgs;gif;jpg;jpeg;jpe;resx;tiff;tif;png;wav;mfcribbon-ms</Extensions>
    </Filter>
  </ItemGroup>
  <ItemGroup>
    <ClCompile Include="..\TVCAS_B25\UtilFileIO.cpp">
      <Filter>Source files</Filter>
    </ClCompile>
    <ClCompile Include="..\TVCAS_B25\IniConfig.cpp">
      <Filter>Source files</Filter>
    </ClCompile>
    <ClCompile Include="..\TVCAS_B25\BonBaseClass.cpp">
      <Filter>Source files</Filter>
    </ClCompile>
    <ClCompile Include="..\TVCAS_B25\TsUtilClass.cpp">
      <Filter>Source files</Filter>
    </ClCompile>
    <ClCompile Include="..\TVCAS_B25\MediaData.cpp">
      <Filter>Source files</Filter>
    </ClCompile>
    <ClCompile Include="..\TVCAS_B25\Exception.cpp">
      <Filter>Source files</Filter>
    </ClCompile>
    <ClCompile Include="..\TVCAS_B25\MediaDecoder.cpp">
      <Filter>Source files</Filter>
    </ClCompile>
    <ClCompile Include="..\TVCAS_B25\Multi2Decoder.cpp">
      <Filter>Source files</Filter>
    </ClCompile>
    <ClCompile Include="..\TVCAS_B25\stdafx.cpp">
      <Filter>Source files</Filter>
    </ClCompile>
    <ClCompile Include="..\TVCAS_B25\StdUtil.cpp">
      <Filter>Source files</Filter>
    </ClCompile>
    <ClCompile Include="..\TVCAS_B25\TsDescriptor.cpp">
      <Filter>Source files</Filter>
    </ClCompile>
    <ClCompile Include="..\TVCAS_B25\TsEncode.cpp">
      <Filter>Source files</Filter>
    </ClCompile>
    <ClCompile Include="..\TVCAS_B25\TsPacketParser.cpp">
      <Filter>Source files</Filter>
    </ClCompile>
    <ClCompile Include="..\TVCAS_B25\TsStream.cpp">
      <Filter>Source files</Filter>
    </ClCompile>
    <ClCompile Include="..\TVCAS_B25\CasCard.cpp">
      <Filter>Source files</Filter>
    </ClCompile>
    <ClCompile Include="..\TVCAS_B25\CardReader.cpp">
      <Filter>Source files</Filter>
    </ClCompile>
    <ClCompile Include="..\TVCAS_B25\TsDescrambler.cpp">
      <Filter>Source files</Filter>
    </ClCompile>
    <ClCompile Include="..\TVCAS_B25\TsTable.cpp">
      <Filter>Source files</Filter>
    </ClCompile>
    <ClCompile Include="..\TVCAS_B25\Main.cpp">
      <Filter>Source files</Filter>
    </ClCompile>
  </ItemGroup>
  <ItemGroup>
    <ClInclude Include="..\TVCAS_B25\UtilFileIO.h">
      <Filter>Header files</Filter>
    </ClInclude>
    <ClInclude Include="..\TVCAS_B25\IniConfig.h">
      <Filter>Header files</Filter>
    </ClInclude>
    <ClInclude Include="..\TVCAS_B25\BonBaseClass.h">
      <Filter>Header files</Filter>
    </ClInclude>
    <ClInclude Include="..\TVCAS_B25\MediaData.h">
      <Filter>Header files</Filter>
    </ClInclude>
    <ClInclude Include="..\TVCAS_B25\TsUtilClass.h">
      <Filter>Header files</Filter>
    </ClInclude>
    <ClInclude Include="..\TVCAS_B25\Common.h">
      <Filter>Header files</Filter>
    </ClInclude>
    <ClInclude Include="..\TVCAS_B25\MediaDecoder.h">
      <Filter>Header files</Filter>
    </ClInclude>
    <ClInclude Include="..\TVCAS_B25\Exception.h">
      <Filter>Header files</Filter>
    </ClInclude>
    <ClInclude Include="..\TVCAS_B25\Multi2Decoder.h">
      <Filter>Header files</Filter>
    </ClInclude>
    <ClInclude Include="..\TVCAS_B25\stdafx.h">
      <Filter>Header files</Filter>
    </ClInclude>
    <ClInclude Include="..\TVCAS_B25\StdUtil.h">
      <Filter>Header files</Filter>
    </ClInclude>
    <ClInclude Include="..\TVCAS_B25\TsDescriptor.h">
      <Filter>Header files</Filter>
    </ClInclude>
    <ClInclude Include="..\TVCAS_B25\TsEncode.h">
      <Filter>Header files</Filter>
    </ClInclude>
    <ClInclude Include="..\TVCAS_B25\TsPacketParser.h">
      <Filter>Header files</Filter>
    </ClInclude>
    <ClInclude Include="..\TVCAS_B25\TsStream.h">
      <Filter>Header files</Filter>
    </ClInclude>
    <ClInclude Include="..\TVCAS_B25\TVCAS.h">
      <Filter>Header files</Filter>
    </ClInclude>
    <ClInclude Include="..\TVCAS_B25\CasCard.h">
      <Filter>Header files</Filter>
    </ClInclude>
    <ClInclude Include="..\TVCAS_B25\CardReader.h">
      <Filter>Header files</Filter>
    </ClInclude>
    <ClInclude Include="..\TVCAS_B25\TsDescrambler.h">
      <Filter>Header files</Filter>
    </ClInclude>
    <ClInclude Include="..\TVCAS_B25\TsTable.h">
      <Filter>Header files</Filter>
    </ClInclude>
    <ClInclude Include="Main.h">
      <Filter>Header files</Filter>
    </ClInclude>
  </ItemGroup>
  <ItemGroup>
    <ResourceCompile Include="TVCAS_B1.rc">
      <Filter>Resource files</Filter>
    </ResourceCompile>
  </ItemGroup>
</Project>